// !$*UTF8*$!
{
	archiveVersion = 1;
	classes = {
	};
	objectVersion = 46;
	objects = {

/* Begin PBXBuildFile section */
		95D6FD831D0604C70013BE96 /* main.m in Sources */ = {isa = PBXBuildFile; fileRef = 95D6FD821D0604C70013BE96 /* main.m */; };
		95D6FD861D0604C70013BE96 /* AppDelegate.m in Sources */ = {isa = PBXBuildFile; fileRef = 95D6FD851D0604C70013BE96 /* AppDelegate.m */; };
		95D6FD8C1D0604C70013BE96 /* Main.storyboard in Resources */ = {isa = PBXBuildFile; fileRef = 95D6FD8A1D0604C70013BE96 /* Main.storyboard */; };
		95D6FD8E1D0604C70013BE96 /* Assets.xcassets in Resources */ = {isa = PBXBuildFile; fileRef = 95D6FD8D1D0604C70013BE96 /* Assets.xcassets */; };
		95D6FD911D0604C70013BE96 /* LaunchScreen.storyboard in Resources */ = {isa = PBXBuildFile; fileRef = 95D6FD8F1D0604C70013BE96 /* LaunchScreen.storyboard */; };
		95D6FD9A1D0608730013BE96 /* TableVC.m in Sources */ = {isa = PBXBuildFile; fileRef = 95D6FD991D0608730013BE96 /* TableVC.m */; };
		95D6FDA01D0618CF0013BE96 /* NavigationController.m in Sources */ = {isa = PBXBuildFile; fileRef = 95D6FD9F1D0618CF0013BE96 /* NavigationController.m */; };
		95D6FDA71D062DA20013BE96 /* TableHeaderCell.m in Sources */ = {isa = PBXBuildFile; fileRef = 95D6FDA61D062DA20013BE96 /* TableHeaderCell.m */; };
		95D6FDAD1D062DD20013BE96 /* CellWithTextField.m in Sources */ = {isa = PBXBuildFile; fileRef = 95D6FDAC1D062DD20013BE96 /* CellWithTextField.m */; };
		95D6FDB01D062DDF0013BE96 /* CellWithSwitch.m in Sources */ = {isa = PBXBuildFile; fileRef = 95D6FDAF1D062DDF0013BE96 /* CellWithSwitch.m */; };
		95D6FDC01D063C6A0013BE96 /* Localizable.strings in Resources */ = {isa = PBXBuildFile; fileRef = 95D6FDC21D063C6A0013BE96 /* Localizable.strings */; };
		95D6FDD01D06A6510013BE96 /* FooterView.m in Sources */ = {isa = PBXBuildFile; fileRef = 95D6FDCF1D06A6510013BE96 /* FooterView.m */; };
/* End PBXBuildFile section */

/* Begin PBXFileReference section */
		95D6FD7E1D0604C70013BE96 /* ZETApp.app */ = {isa = PBXFileReference; explicitFileType = wrapper.application; includeInIndex = 0; path = ZETApp.app; sourceTree = BUILT_PRODUCTS_DIR; };
		95D6FD821D0604C70013BE96 /* main.m */ = {isa = PBXFileReference; lastKnownFileType = sourcecode.c.objc; path = main.m; sourceTree = "<group>"; };
		95D6FD841D0604C70013BE96 /* AppDelegate.h */ = {isa = PBXFileReference; lastKnownFileType = sourcecode.c.h; path = AppDelegate.h; sourceTree = "<group>"; };
		95D6FD851D0604C70013BE96 /* AppDelegate.m */ = {isa = PBXFileReference; lastKnownFileType = sourcecode.c.objc; path = AppDelegate.m; sourceTree = "<group>"; };
		95D6FD8B1D0604C70013BE96 /* Base */ = {isa = PBXFileReference; lastKnownFileType = file.storyboard; name = Base; path = Base.lproj/Main.storyboard; sourceTree = "<group>"; };
		95D6FD8D1D0604C70013BE96 /* Assets.xcassets */ = {isa = PBXFileReference; lastKnownFileType = folder.assetcatalog; path = Assets.xcassets; sourceTree = "<group>"; };
		95D6FD901D0604C70013BE96 /* Base */ = {isa = PBXFileReference; lastKnownFileType = file.storyboard; name = Base; path = Base.lproj/LaunchScreen.storyboard; sourceTree = "<group>"; };
		95D6FD921D0604C70013BE96 /* Info.plist */ = {isa = PBXFileReference; lastKnownFileType = text.plist.xml; path = Info.plist; sourceTree = "<group>"; };
		95D6FD981D0608730013BE96 /* TableVC.h */ = {isa = PBXFileReference; fileEncoding = 4; lastKnownFileType = sourcecode.c.h; path = TableVC.h; sourceTree = "<group>"; };
		95D6FD991D0608730013BE96 /* TableVC.m */ = {isa = PBXFileReference; fileEncoding = 4; lastKnownFileType = sourcecode.c.objc; path = TableVC.m; sourceTree = "<group>"; };
		95D6FD9E1D0618CF0013BE96 /* NavigationController.h */ = {isa = PBXFileReference; fileEncoding = 4; lastKnownFileType = sourcecode.c.h; path = NavigationController.h; sourceTree = "<group>"; };
		95D6FD9F1D0618CF0013BE96 /* NavigationController.m */ = {isa = PBXFileReference; fileEncoding = 4; lastKnownFileType = sourcecode.c.objc; path = NavigationController.m; sourceTree = "<group>"; };
		95D6FDA11D061EF90013BE96 /* DesignChoices.h */ = {isa = PBXFileReference; lastKnownFileType = sourcecode.c.h; name = DesignChoices.h; path = ../DesignChoices.h; sourceTree = "<group>"; };
		95D6FDA51D062DA20013BE96 /* TableHeaderCell.h */ = {isa = PBXFileReference; fileEncoding = 4; lastKnownFileType = sourcecode.c.h; path = TableHeaderCell.h; sourceTree = "<group>"; };
		95D6FDA61D062DA20013BE96 /* TableHeaderCell.m */ = {isa = PBXFileReference; fileEncoding = 4; lastKnownFileType = sourcecode.c.objc; path = TableHeaderCell.m; sourceTree = "<group>"; };
		95D6FDAB1D062DD20013BE96 /* CellWithTextField.h */ = {isa = PBXFileReference; fileEncoding = 4; lastKnownFileType = sourcecode.c.h; path = CellWithTextField.h; sourceTree = "<group>"; };
		95D6FDAC1D062DD20013BE96 /* CellWithTextField.m */ = {isa = PBXFileReference; fileEncoding = 4; lastKnownFileType = sourcecode.c.objc; path = CellWithTextField.m; sourceTree = "<group>"; };
		95D6FDAE1D062DDF0013BE96 /* CellWithSwitch.h */ = {isa = PBXFileReference; fileEncoding = 4; lastKnownFileType = sourcecode.c.h; path = CellWithSwitch.h; sourceTree = "<group>"; };
		95D6FDAF1D062DDF0013BE96 /* CellWithSwitch.m */ = {isa = PBXFileReference; fileEncoding = 4; lastKnownFileType = sourcecode.c.objc; path = CellWithSwitch.m; sourceTree = "<group>"; };
		95D6FDC11D063C6A0013BE96 /* en */ = {isa = PBXFileReference; fileEncoding = 10; lastKnownFileType = text.plist.strings; lineEnding = 0; name = en; path = en.lproj/Localizable.strings; sourceTree = "<group>"; };
		95D6FDC31D063C850013BE96 /* lt */ = {isa = PBXFileReference; fileEncoding = 10; lastKnownFileType = text.plist.strings; name = lt; path = lt.lproj/Localizable.strings; sourceTree = "<group>"; };
		95D6FDCE1D06A6510013BE96 /* FooterView.h */ = {isa = PBXFileReference; fileEncoding = 4; lastKnownFileType = sourcecode.c.h; name = FooterView.h; path = ../FooterView.h; sourceTree = "<group>"; };
		95D6FDCF1D06A6510013BE96 /* FooterView.m */ = {isa = PBXFileReference; fileEncoding = 4; lastKnownFileType = sourcecode.c.objc; name = FooterView.m; path = ../FooterView.m; sourceTree = "<group>"; };
/* End PBXFileReference section */

/* Begin PBXFrameworksBuildPhase section */
		95D6FD7B1D0604C70013BE96 /* Frameworks */ = {
			isa = PBXFrameworksBuildPhase;
			buildActionMask = 2147483647;
			files = (
			);
			runOnlyForDeploymentPostprocessing = 0;
		};
/* End PBXFrameworksBuildPhase section */

/* Begin PBXGroup section */
		95D6FD751D0604C70013BE96 = {
			isa = PBXGroup;
			children = (
				95D6FD801D0604C70013BE96 /* ZETApp */,
				95D6FD7F1D0604C70013BE96 /* Products */,
			);
			sourceTree = "<group>";
		};
		95D6FD7F1D0604C70013BE96 /* Products */ = {
			isa = PBXGroup;
			children = (
				95D6FD7E1D0604C70013BE96 /* ZETApp.app */,
			);
			name = Products;
			sourceTree = "<group>";
		};
		95D6FD801D0604C70013BE96 /* ZETApp */ = {
			isa = PBXGroup;
			children = (
				95D6FDCA1D0680620013BE96 /* View */,
				95D6FDC81D0680400013BE96 /* Controller */,
				95D6FD8A1D0604C70013BE96 /* Main.storyboard */,
				95D6FDA11D061EF90013BE96 /* DesignChoices.h */,
				95D6FD811D0604C70013BE96 /* Supporting Files */,
			);
			path = ZETApp;
			sourceTree = "<group>";
		};
		95D6FD811D0604C70013BE96 /* Supporting Files */ = {
			isa = PBXGroup;
			children = (
				95D6FD8D1D0604C70013BE96 /* Assets.xcassets */,
				95D6FD8F1D0604C70013BE96 /* LaunchScreen.storyboard */,
				95D6FD921D0604C70013BE96 /* Info.plist */,
				95D6FD821D0604C70013BE96 /* main.m */,
				95D6FDC21D063C6A0013BE96 /* Localizable.strings */,
			);
			name = "Supporting Files";
			sourceTree = "<group>";
		};
		95D6FDB11D062DE90013BE96 /* Cells */ = {
			isa = PBXGroup;
			children = (
				95D6FDAE1D062DDF0013BE96 /* CellWithSwitch.h */,
				95D6FDAF1D062DDF0013BE96 /* CellWithSwitch.m */,
				95D6FDAB1D062DD20013BE96 /* CellWithTextField.h */,
				95D6FDAC1D062DD20013BE96 /* CellWithTextField.m */,
				95D6FDA51D062DA20013BE96 /* TableHeaderCell.h */,
				95D6FDA61D062DA20013BE96 /* TableHeaderCell.m */,
			);
			name = Cells;
			path = ..;
			sourceTree = "<group>";
		};
		95D6FDC81D0680400013BE96 /* Controller */ = {
			isa = PBXGroup;
			children = (
				95D6FD981D0608730013BE96 /* TableVC.h */,
				95D6FD991D0608730013BE96 /* TableVC.m */,
				95D6FD9E1D0618CF0013BE96 /* NavigationController.h */,
				95D6FD9F1D0618CF0013BE96 /* NavigationController.m */,
				95D6FD841D0604C70013BE96 /* AppDelegate.h */,
				95D6FD851D0604C70013BE96 /* AppDelegate.m */,
			);
			name = Controller;
			sourceTree = "<group>";
		};
		95D6FDCA1D0680620013BE96 /* View */ = {
			isa = PBXGroup;
			children = (
				95D6FDCE1D06A6510013BE96 /* FooterView.h */,
				95D6FDCF1D06A6510013BE96 /* FooterView.m */,
				95D6FDB11D062DE90013BE96 /* Cells */,
			);
			name = View;
			sourceTree = "<group>";
		};
/* End PBXGroup section */

/* Begin PBXNativeTarget section */
		95D6FD7D1D0604C70013BE96 /* ZETApp */ = {
			isa = PBXNativeTarget;
			buildConfigurationList = 95D6FD951D0604C70013BE96 /* Build configuration list for PBXNativeTarget "ZETApp" */;
			buildPhases = (
				95D6FD7A1D0604C70013BE96 /* Sources */,
				95D6FD7B1D0604C70013BE96 /* Frameworks */,
				95D6FD7C1D0604C70013BE96 /* Resources */,
			);
			buildRules = (
			);
			dependencies = (
			);
			name = ZETApp;
			productName = ZETApp;
			productReference = 95D6FD7E1D0604C70013BE96 /* ZETApp.app */;
			productType = "com.apple.product-type.application";
		};
/* End PBXNativeTarget section */

/* Begin PBXProject section */
		95D6FD761D0604C70013BE96 /* Project object */ = {
			isa = PBXProject;
			attributes = {
				LastUpgradeCheck = 0730;
				ORGANIZATIONNAME = Mashkius;
				TargetAttributes = {
					95D6FD7D1D0604C70013BE96 = {
						CreatedOnToolsVersion = 7.3.1;
					};
				};
			};
			buildConfigurationList = 95D6FD791D0604C70013BE96 /* Build configuration list for PBXProject "ZETApp" */;
			compatibilityVersion = "Xcode 3.2";
			developmentRegion = English;
			hasScannedForEncodings = 0;
			knownRegions = (
				en,
				Base,
				lt,
			);
			mainGroup = 95D6FD751D0604C70013BE96;
			productRefGroup = 95D6FD7F1D0604C70013BE96 /* Products */;
			projectDirPath = "";
			projectRoot = "";
			targets = (
				95D6FD7D1D0604C70013BE96 /* ZETApp */,
			);
		};
/* End PBXProject section */

/* Begin PBXResourcesBuildPhase section */
		95D6FD7C1D0604C70013BE96 /* Resources */ = {
			isa = PBXResourcesBuildPhase;
			buildActionMask = 2147483647;
			files = (
				95D6FD911D0604C70013BE96 /* LaunchScreen.storyboard in Resources */,
				95D6FDC01D063C6A0013BE96 /* Localizable.strings in Resources */,
				95D6FD8E1D0604C70013BE96 /* Assets.xcassets in Resources */,
				95D6FD8C1D0604C70013BE96 /* Main.storyboard in Resources */,
			);
			runOnlyForDeploymentPostprocessing = 0;
		};
/* End PBXResourcesBuildPhase section */

/* Begin PBXSourcesBuildPhase section */
		95D6FD7A1D0604C70013BE96 /* Sources */ = {
			isa = PBXSourcesBuildPhase;
			buildActionMask = 2147483647;
			files = (
				95D6FDD01D06A6510013BE96 /* FooterView.m in Sources */,
				95D6FD9A1D0608730013BE96 /* TableVC.m in Sources */,
				95D6FDAD1D062DD20013BE96 /* CellWithTextField.m in Sources */,
				95D6FDB01D062DDF0013BE96 /* CellWithSwitch.m in Sources */,
				95D6FDA01D0618CF0013BE96 /* NavigationController.m in Sources */,
				95D6FD861D0604C70013BE96 /* AppDelegate.m in Sources */,
				95D6FD831D0604C70013BE96 /* main.m in Sources */,
				95D6FDA71D062DA20013BE96 /* TableHeaderCell.m in Sources */,
			);
			runOnlyForDeploymentPostprocessing = 0;
		};
/* End PBXSourcesBuildPhase section */

/* Begin PBXVariantGroup section */
		95D6FD8A1D0604C70013BE96 /* Main.storyboard */ = {
			isa = PBXVariantGroup;
			children = (
				95D6FD8B1D0604C70013BE96 /* Base */,
			);
			name = Main.storyboard;
			sourceTree = "<group>";
		};
		95D6FD8F1D0604C70013BE96 /* LaunchScreen.storyboard */ = {
			isa = PBXVariantGroup;
			children = (
				95D6FD901D0604C70013BE96 /* Base */,
			);
			name = LaunchScreen.storyboard;
			sourceTree = "<group>";
		};
		95D6FDC21D063C6A0013BE96 /* Localizable.strings */ = {
			isa = PBXVariantGroup;
			children = (
				95D6FDC11D063C6A0013BE96 /* en */,
				95D6FDC31D063C850013BE96 /* lt */,
			);
			name = Localizable.strings;
			sourceTree = "<group>";
		};
/* End PBXVariantGroup section */

/* Begin XCBuildConfiguration section */
		95D6FD931D0604C70013BE96 /* Debug */ = {
			isa = XCBuildConfiguration;
			buildSettings = {
				ALWAYS_SEARCH_USER_PATHS = NO;
				CLANG_ANALYZER_NONNULL = YES;
				CLANG_CXX_LANGUAGE_STANDARD = "gnu++0x";
				CLANG_CXX_LIBRARY = "libc++";
				CLANG_ENABLE_MODULES = YES;
				CLANG_ENABLE_OBJC_ARC = YES;
				CLANG_WARN_BOOL_CONVERSION = YES;
				CLANG_WARN_CONSTANT_CONVERSION = YES;
				CLANG_WARN_DIRECT_OBJC_ISA_USAGE = YES_ERROR;
				CLANG_WARN_EMPTY_BODY = YES;
				CLANG_WARN_ENUM_CONVERSION = YES;
				CLANG_WARN_INT_CONVERSION = YES;
				CLANG_WARN_OBJC_ROOT_CLASS = YES_ERROR;
				CLANG_WARN_UNREACHABLE_CODE = YES;
				CLANG_WARN__DUPLICATE_METHOD_MATCH = YES;
				"CODE_SIGN_IDENTITY[sdk=iphoneos*]" = "iPhone Developer";
				COPY_PHASE_STRIP = NO;
				DEBUG_INFORMATION_FORMAT = dwarf;
				ENABLE_STRICT_OBJC_MSGSEND = YES;
				ENABLE_TESTABILITY = YES;
				GCC_C_LANGUAGE_STANDARD = gnu99;
				GCC_DYNAMIC_NO_PIC = NO;
				GCC_NO_COMMON_BLOCKS = YES;
				GCC_OPTIMIZATION_LEVEL = 0;
				GCC_PREPROCESSOR_DEFINITIONS = (
					"DEBUG=1",
					"$(inherited)",
				);
				GCC_WARN_64_TO_32_BIT_CONVERSION = YES;
				GCC_WARN_ABOUT_RETURN_TYPE = YES_ERROR;
				GCC_WARN_UNDECLARED_SELECTOR = YES;
				GCC_WARN_UNINITIALIZED_AUTOS = YES_AGGRESSIVE;
				GCC_WARN_UNUSED_FUNCTION = YES;
				GCC_WARN_UNUSED_VARIABLE = YES;
				IPHONEOS_DEPLOYMENT_TARGET = 9.3;
				MTL_ENABLE_DEBUG_INFO = YES;
				ONLY_ACTIVE_ARCH = YES;
				SDKROOT = iphoneos;
			};
			name = Debug;
		};
		95D6FD941D0604C70013BE96 /* Release */ = {
			isa = XCBuildConfiguration;
			buildSettings = {
				ALWAYS_SEARCH_USER_PATHS = NO;
				CLANG_ANALYZER_NONNULL = YES;
				CLANG_CXX_LANGUAGE_STANDARD = "gnu++0x";
				CLANG_CXX_LIBRARY = "libc++";
				CLANG_ENABLE_MODULES = YES;
				CLANG_ENABLE_OBJC_ARC = YES;
				CLANG_WARN_BOOL_CONVERSION = YES;
				CLANG_WARN_CONSTANT_CONVERSION = YES;
				CLANG_WARN_DIRECT_OBJC_ISA_USAGE = YES_ERROR;
				CLANG_WARN_EMPTY_BODY = YES;
				CLANG_WARN_ENUM_CONVERSION = YES;
				CLANG_WARN_INT_CONVERSION = YES;
				CLANG_WARN_OBJC_ROOT_CLASS = YES_ERROR;
				CLANG_WARN_UNREACHABLE_CODE = YES;
				CLANG_WARN__DUPLICATE_METHOD_MATCH = YES;
				"CODE_SIGN_IDENTITY[sdk=iphoneos*]" = "iPhone Developer";
				COPY_PHASE_STRIP = NO;
				DEBUG_INFORMATION_FORMAT = "dwarf-with-dsym";
				ENABLE_NS_ASSERTIONS = NO;
				ENABLE_STRICT_OBJC_MSGSEND = YES;
				GCC_C_LANGUAGE_STANDARD = gnu99;
				GCC_NO_COMMON_BLOCKS = YES;
				GCC_WARN_64_TO_32_BIT_CONVERSION = YES;
				GCC_WARN_ABOUT_RETURN_TYPE = YES_ERROR;
				GCC_WARN_UNDECLARED_SELECTOR = YES;
				GCC_WARN_UNINITIALIZED_AUTOS = YES_AGGRESSIVE;
				GCC_WARN_UNUSED_FUNCTION = YES;
				GCC_WARN_UNUSED_VARIABLE = YES;
				IPHONEOS_DEPLOYMENT_TARGET = 9.3;
				MTL_ENABLE_DEBUG_INFO = NO;
				SDKROOT = iphoneos;
				VALIDATE_PRODUCT = YES;
			};
			name = Release;
		};
		95D6FD961D0604C70013BE96 /* Debug */ = {
			isa = XCBuildConfiguration;
			buildSettings = {
				ASSETCATALOG_COMPILER_APPICON_NAME = AppIcon;
				INFOPLIST_FILE = ZETApp/Info.plist;
				LD_RUNPATH_SEARCH_PATHS = "$(inherited) @executable_path/Frameworks";
				PRODUCT_BUNDLE_IDENTIFIER = mashkius.ZETApp;
				PRODUCT_NAME = "$(TARGET_NAME)";
			};
			name = Debug;
		};
		95D6FD971D0604C70013BE96 /* Release */ = {
			isa = XCBuildConfiguration;
			buildSettings = {
				ASSETCATALOG_COMPILER_APPICON_NAME = AppIcon;
				INFOPLIST_FILE = ZETApp/Info.plist;
				LD_RUNPATH_SEARCH_PATHS = "$(inherited) @executable_path/Frameworks";
				PRODUCT_BUNDLE_IDENTIFIER = mashkius.ZETApp;
				PRODUCT_NAME = "$(TARGET_NAME)";
			};
			name = Release;
		};
/* End XCBuildConfiguration section */

/* Begin XCConfigurationList section */
		95D6FD791D0604C70013BE96 /* Build configuration list for PBXProject "ZETApp" */ = {
			isa = XCConfigurationList;
			buildConfigurations = (
				95D6FD931D0604C70013BE96 /* Debug */,
				95D6FD941D0604C70013BE96 /* Release */,
			);
			defaultConfigurationIsVisible = 0;
			defaultConfigurationName = Release;
		};
		95D6FD951D0604C70013BE96 /* Build configuration list for PBXNativeTarget "ZETApp" */ = {
			isa = XCConfigurationList;
			buildConfigurations = (
				95D6FD961D0604C70013BE96 /* Debug */,
				95D6FD971D0604C70013BE96 /* Release */,
			);
			defaultConfigurationIsVisible = 0;
		};
/* End XCConfigurationList section */
	};
	rootObject = 95D6FD761D0604C70013BE96 /* Project object */;
}
